
Microsoft Visual Studio Solution File, Format Version 12.00
# Visual Studio 15
Project("{FAE04EC0-301F-11D3-BF4B-00C04F79EFBC}") = "Assembly-CSharp-firstpass", "Assembly-CSharp-firstpass.csproj", "{1432E0DE-057D-C7FB-AED8-47103F73E9B3}"
EndProject
Project("{FAE04EC0-301F-11D3-BF4B-00C04F79EFBC}") = "MoreMountains.NiceVibrations.Haptics", "MoreMountains.NiceVibrations.Haptics.csproj", "{3F68A519-DC63-F0B9-2892-8FE9D517467C}"
EndProject
Project("{FAE04EC0-301F-11D3-BF4B-00C04F79EFBC}") = "MoreMountains.NiceVibrations.Demos", "MoreMountains.NiceVibrations.Demos.csproj", "{E1505760-0954-BA3D-A767-8DF439D82255}"
EndProject
Project("{FAE04EC0-301F-11D3-BF4B-00C04F79EFBC}") = "MoreMountains.NiceVibrations", "MoreMountains.NiceVibrations.csproj", "{36B6BDD6-5A90-4F20-F302-ED21822BCF3E}"
EndProject
Project("{FAE04EC0-301F-11D3-BF4B-00C04F79EFBC}") = "MoreMountains.NiceVibrations.Rumble.Editor", "MoreMountains.NiceVibrations.Rumble.Editor.csproj", "{21D956CB-CF0F-D010-84E5-4FE00C080CCC}"
EndProject
Project("{FAE04EC0-301F-11D3-BF4B-00C04F79EFBC}") = "Assembly-CSharp", "Assembly-CSharp.csproj", "{BBED6A60-90F4-9D15-9E1E-85E878581BE5}"
EndProject
Project("{FAE04EC0-301F-11D3-BF4B-00C04F79EFBC}") = "MoreMountains.NiceVibrations.Rumble", "MoreMountains.NiceVibrations.Rumble.csproj", "{74CE6C77-6078-8458-CB52-7B74E33711EE}"
EndProject
Project("{FAE04EC0-301F-11D3-BF4B-00C04F79EFBC}") = "Assembly-CSharp-Editor", "Assembly-CSharp-Editor.csproj", "{F38182D1-1E64-D27E-2B4F-0C8D2BBCF0CF}"
EndProject
Project("{FAE04EC0-301F-11D3-BF4B-00C04F79EFBC}") = "MoreMountains.NiceVibrations.Editor", "MoreMountains.NiceVibrations.Editor.csproj", "{35937B0F-6599-5735-8DEA-27B4FFDBBCE2}"
EndProject
Project("{FAE04EC0-301F-11D3-BF4B-00C04F79EFBC}") = "Assembly-CSharp-Editor-firstpass", "Assembly-CSharp-Editor-firstpass.csproj", "{C328B70D-A557-9040-1A0D-7747C5BDB490}"
EndProject
Global
	GlobalSection(SolutionConfigurationPlatforms) = preSolution
		Debug|Any CPU = Debug|Any CPU
		Release|Any CPU = Release|Any CPU
	EndGlobalSection
	GlobalSection(ProjectConfigurationPlatforms) = postSolution
		{1432E0DE-057D-C7FB-AED8-47103F73E9B3}.Debug|Any CPU.ActiveCfg = Debug|Any CPU
		{1432E0DE-057D-C7FB-AED8-47103F73E9B3}.Debug|Any CPU.Build.0 = Debug|Any CPU
		{1432E0DE-057D-C7FB-AED8-47103F73E9B3}.Release|Any CPU.ActiveCfg = Release|Any CPU
		{1432E0DE-057D-C7FB-AED8-47103F73E9B3}.Release|Any CPU.Build.0 = Release|Any CPU
		{3F68A519-DC63-F0B9-2892-8FE9D517467C}.Debug|Any CPU.ActiveCfg = Debug|Any CPU
		{3F68A519-DC63-F0B9-2892-8FE9D517467C}.Debug|Any CPU.Build.0 = Debug|Any CPU
		{3F68A519-DC63-F0B9-2892-8FE9D517467C}.Release|Any CPU.ActiveCfg = Release|Any CPU
		{3F68A519-DC63-F0B9-2892-8FE9D517467C}.Release|Any CPU.Build.0 = Release|Any CPU
		{E1505760-0954-BA3D-A767-8DF439D82255}.Debug|Any CPU.ActiveCfg = Debug|Any CPU
		{E1505760-0954-BA3D-A767-8DF439D82255}.Debug|Any CPU.Build.0 = Debug|Any CPU
		{E1505760-0954-BA3D-A767-8DF439D82255}.Release|Any CPU.ActiveCfg = Release|Any CPU
		{E1505760-0954-BA3D-A767-8DF439D82255}.Release|Any CPU.Build.0 = Release|Any CPU
		{36B6BDD6-5A90-4F20-F302-ED21822BCF3E}.Debug|Any CPU.ActiveCfg = Debug|Any CPU
		{36B6BDD6-5A90-4F20-F302-ED21822BCF3E}.Debug|Any CPU.Build.0 = Debug|Any CPU
		{36B6BDD6-5A90-4F20-F302-ED21822BCF3E}.Release|Any CPU.ActiveCfg = Release|Any CPU
		{36B6BDD6-5A90-4F20-F302-ED21822BCF3E}.Release|Any CPU.Build.0 = Release|Any CPU
		{21D956CB-CF0F-D010-84E5-4FE00C080CCC}.Debug|Any CPU.ActiveCfg = Debug|Any CPU
		{21D956CB-CF0F-D010-84E5-4FE00C080CCC}.Debug|Any CPU.Build.0 = Debug|Any CPU
		{21D956CB-CF0F-D010-84E5-4FE00C080CCC}.Release|Any CPU.ActiveCfg = Release|Any CPU
		{21D956CB-CF0F-D010-84E5-4FE00C080CCC}.Release|Any CPU.Build.0 = Release|Any CPU
		{BBED6A60-90F4-9D15-9E1E-85E878581BE5}.Debug|Any CPU.ActiveCfg = Debug|Any CPU
		{BBED6A60-90F4-9D15-9E1E-85E878581BE5}.Debug|Any CPU.Build.0 = Debug|Any CPU
		{BBED6A60-90F4-9D15-9E1E-85E878581BE5}.Release|Any CPU.ActiveCfg = Release|Any CPU
		{BBED6A60-90F4-9D15-9E1E-85E878581BE5}.Release|Any CPU.Build.0 = Release|Any CPU
		{74CE6C77-6078-8458-CB52-7B74E33711EE}.Debug|Any CPU.ActiveCfg = Debug|Any CPU
		{74CE6C77-6078-8458-CB52-7B74E33711EE}.Debug|Any CPU.Build.0 = Debug|Any CPU
		{74CE6C77-6078-8458-CB52-7B74E33711EE}.Release|Any CPU.ActiveCfg = Release|Any CPU
		{74CE6C77-6078-8458-CB52-7B74E33711EE}.Release|Any CPU.Build.0 = Release|Any CPU
		{F38182D1-1E64-D27E-2B4F-0C8D2BBCF0CF}.Debug|Any CPU.ActiveCfg = Debug|Any CPU
		{F38182D1-1E64-D27E-2B4F-0C8D2BBCF0CF}.Debug|Any CPU.Build.0 = Debug|Any CPU
		{F38182D1-1E64-D27E-2B4F-0C8D2BBCF0CF}.Release|Any CPU.ActiveCfg = Release|Any CPU
		{F38182D1-1E64-D27E-2B4F-0C8D2BBCF0CF}.Release|Any CPU.Build.0 = Release|Any CPU
		{35937B0F-6599-5735-8DEA-27B4FFDBBCE2}.Debug|Any CPU.ActiveCfg = Debug|Any CPU
		{35937B0F-6599-5735-8DEA-27B4FFDBBCE2}.Debug|Any CPU.Build.0 = Debug|Any CPU
		{35937B0F-6599-5735-8DEA-27B4FFDBBCE2}.Release|Any CPU.ActiveCfg = Release|Any CPU
		{35937B0F-6599-5735-8DEA-27B4FFDBBCE2}.Release|Any CPU.Build.0 = Release|Any CPU
		{C328B70D-A557-9040-1A0D-7747C5BDB490}.Debug|Any CPU.ActiveCfg = Debug|Any CPU
		{C328B70D-A557-9040-1A0D-7747C5BDB490}.Debug|Any CPU.Build.0 = Debug|Any CPU
		{C328B70D-A557-9040-1A0D-7747C5BDB490}.Release|Any CPU.ActiveCfg = Release|Any CPU
		{C328B70D-A557-9040-1A0D-7747C5BDB490}.Release|Any CPU.Build.0 = Release|Any CPU
	EndGlobalSection
	GlobalSection(SolutionProperties) = preSolution
		HideSolutionNode = FALSE
	EndGlobalSection
EndGlobal
